// !$*UTF8*$!
{
	archiveVersion = 1;
	classes = {
	};
	objectVersion = 46;
	objects = {

/* Begin PBXBuildFile section */
		219F0A6E1EDBEAC800991D74 /* AppDelegate.swift in Sources */ = {isa = PBXBuildFile; fileRef = 219F0A6D1EDBEAC800991D74 /* AppDelegate.swift */; };
		219F0A701EDBEAC800991D74 /* ViewController.swift in Sources */ = {isa = PBXBuildFile; fileRef = 219F0A6F1EDBEAC800991D74 /* ViewController.swift */; };
		219F0A731EDBEAC800991D74 /* Main.storyboard in Resources */ = {isa = PBXBuildFile; fileRef = 219F0A711EDBEAC800991D74 /* Main.storyboard */; };
		219F0A751EDBEAC800991D74 /* Assets.xcassets in Resources */ = {isa = PBXBuildFile; fileRef = 219F0A741EDBEAC800991D74 /* Assets.xcassets */; };
		219F0A781EDBEAC800991D74 /* LaunchScreen.storyboard in Resources */ = {isa = PBXBuildFile; fileRef = 219F0A761EDBEAC800991D74 /* LaunchScreen.storyboard */; };
/* End PBXBuildFile section */

/* Begin PBXFileReference section */
		219F0A6A1EDBEAC800991D74 /* Tappity.app */ = {isa = PBXFileReference; explicitFileType = wrapper.application; includeInIndex = 0; path = Tappity.app; sourceTree = BUILT_PRODUCTS_DIR; };
		219F0A6D1EDBEAC800991D74 /* AppDelegate.swift */ = {isa = PBXFileReference; lastKnownFileType = sourcecode.swift; path = AppDelegate.swift; sourceTree = "<group>"; };
		219F0A6F1EDBEAC800991D74 /* ViewController.swift */ = {isa = PBXFileReference; lastKnownFileType = sourcecode.swift; path = ViewController.swift; sourceTree = "<group>"; };
		219F0A721EDBEAC800991D74 /* Base */ = {isa = PBXFileReference; lastKnownFileType = file.storyboard; name = Base; path = Base.lproj/Main.storyboard; sourceTree = "<group>"; };
		219F0A741EDBEAC800991D74 /* Assets.xcassets */ = {isa = PBXFileReference; lastKnownFileType = folder.assetcatalog; path = Assets.xcassets; sourceTree = "<group>"; };
		219F0A771EDBEAC800991D74 /* Base */ = {isa = PBXFileReference; lastKnownFileType = file.storyboard; name = Base; path = Base.lproj/LaunchScreen.storyboard; sourceTree = "<group>"; };
		219F0A791EDBEAC800991D74 /* Info.plist */ = {isa = PBXFileReference; lastKnownFileType = text.plist.xml; path = Info.plist; sourceTree = "<group>"; };
/* End PBXFileReference section */

/* Begin PBXFrameworksBuildPhase section */
		219F0A671EDBEAC800991D74 /* Frameworks */ = {
			isa = PBXFrameworksBuildPhase;
			buildActionMask = 2147483647;
			files = (
			);
			runOnlyForDeploymentPostprocessing = 0;
		};
/* End PBXFrameworksBuildPhase section */

/* Begin PBXGroup section */
		219F0A611EDBEAC800991D74 = {
			isa = PBXGroup;
			children = (
				219F0A6C1EDBEAC800991D74 /* Tappity */,
				219F0A6B1EDBEAC800991D74 /* Products */,
			);
			sourceTree = "<group>";
		};
		219F0A6B1EDBEAC800991D74 /* Products */ = {
			isa = PBXGroup;
			children = (
				219F0A6A1EDBEAC800991D74 /* Tappity.app */,
			);
			name = Products;
			sourceTree = "<group>";
		};
		219F0A6C1EDBEAC800991D74 /* Tappity */ = {
			isa = PBXGroup;
			children = (
				219F0A6D1EDBEAC800991D74 /* AppDelegate.swift */,
				219F0A6F1EDBEAC800991D74 /* ViewController.swift */,
				219F0A711EDBEAC800991D74 /* Main.storyboard */,
				219F0A741EDBEAC800991D74 /* Assets.xcassets */,
				219F0A761EDBEAC800991D74 /* LaunchScreen.storyboard */,
				219F0A791EDBEAC800991D74 /* Info.plist */,
			);
			path = Tappity;
			sourceTree = "<group>";
		};
/* End PBXGroup section */

/* Begin PBXNativeTarget section */
		219F0A691EDBEAC800991D74 /* Tappity */ = {
			isa = PBXNativeTarget;
			buildConfigurationList = 219F0A7C1EDBEAC800991D74 /* Build configuration list for PBXNativeTarget "Tappity" */;
			buildPhases = (
				219F0A661EDBEAC800991D74 /* Sources */,
				219F0A671EDBEAC800991D74 /* Frameworks */,
				219F0A681EDBEAC800991D74 /* Resources */,
			);
			buildRules = (
			);
			dependencies = (
			);
			name = Tappity;
			productName = Tappity;
			productReference = 219F0A6A1EDBEAC800991D74 /* Tappity.app */;
			productType = "com.apple.product-type.application";
		};
/* End PBXNativeTarget section */

/* Begin PBXProject section */
		219F0A621EDBEAC800991D74 /* Project object */ = {
			isa = PBXProject;
			attributes = {
				LastSwiftUpdateCheck = 0830;
				LastUpgradeCheck = 0830;
				ORGANIZATIONNAME = "Lachlan Smith";
				TargetAttributes = {
					219F0A691EDBEAC800991D74 = {
						CreatedOnToolsVersion = 8.3.2;
						ProvisioningStyle = Automatic;
					};
				};
			};
			buildConfigurationList = 219F0A651EDBEAC800991D74 /* Build configuration list for PBXProject "Tappity" */;
			compatibilityVersion = "Xcode 3.2";
			developmentRegion = English;
			hasScannedForEncodings = 0;
			knownRegions = (
				en,
				Base,
			);
			mainGroup = 219F0A611EDBEAC800991D74;
			productRefGroup = 219F0A6B1EDBEAC800991D74 /* Products */;
			projectDirPath = "";
			projectRoot = "";
			targets = (
				219F0A691EDBEAC800991D74 /* Tappity */,
			);
		};
/* End PBXProject section */

/* Begin PBXResourcesBuildPhase section */
		219F0A681EDBEAC800991D74 /* Resources */ = {
			isa = PBXResourcesBuildPhase;
			buildActionMask = 2147483647;
			files = (
				219F0A781EDBEAC800991D74 /* LaunchScreen.storyboard in Resources */,
				219F0A751EDBEAC800991D74 /* Assets.xcassets in Resources */,
				219F0A731EDBEAC800991D74 /* Main.storyboard in Resources */,
			);
			runOnlyForDeploymentPostprocessing = 0;
		};
/* End PBXResourcesBuildPhase section */

/* Begin PBXSourcesBuildPhase section */
		219F0A661EDBEAC800991D74 /* Sources */ = {
			isa = PBXSourcesBuildPhase;
			buildActionMask = 2147483647;
			files = (
				219F0A701EDBEAC800991D74 /* ViewController.swift in Sources */,
				219F0A6E1EDBEAC800991D74 /* AppDelegate.swift in Sources */,
			);
			runOnlyForDeploymentPostprocessing = 0;
		};
/* End PBXSourcesBuildPhase section */

/* Begin PBXVariantGroup section */
		219F0A711EDBEAC800991D74 /* Main.storyboard */ = {
			isa = PBXVariantGroup;
			children = (
				219F0A721EDBEAC800991D74 /* Base */,
			);
			name = Main.storyboard;
			sourceTree = "<group>";
		};
		219F0A761EDBEAC800991D74 /* LaunchScreen.storyboard */ = {
			isa = PBXVariantGroup;
			children = (
				219F0A771EDBEAC800991D74 /* Base */,
			);
			name = LaunchScreen.storyboard;
			sourceTree = "<group>";
		};
/* End PBXVariantGroup section */

/* Begin XCBuildConfiguration section */
		219F0A7A1EDBEAC800991D74 /* Debug */ = {
			isa = XCBuildConfiguration;
			buildSettings = {
				ALWAYS_SEARCH_USER_PATHS = NO;
				CLANG_ANALYZER_NONNULL = YES;
				CLANG_ANALYZER_NUMBER_OBJECT_CONVERSION = YES_AGGRESSIVE;
				CLANG_CXX_LANGUAGE_STANDARD = "gnu++0x";
				CLANG_CXX_LIBRARY = "libc++";
				CLANG_ENABLE_MODULES = YES;
				CLANG_ENABLE_OBJC_ARC = YES;
				CLANG_WARN_BOOL_CONVERSION = YES;
				CLANG_WARN_CONSTANT_CONVERSION = YES;
				CLANG_WARN_DIRECT_OBJC_ISA_USAGE = YES_ERROR;
				CLANG_WARN_DOCUMENTATION_COMMENTS = YES;
				CLANG_WARN_EMPTY_BODY = YES;
				CLANG_WARN_ENUM_CONVERSION = YES;
				CLANG_WARN_INFINITE_RECURSION = YES;
				CLANG_WARN_INT_CONVERSION = YES;
				CLANG_WARN_OBJC_ROOT_CLASS = YES_ERROR;
				CLANG_WARN_SUSPICIOUS_MOVE = YES;
				CLANG_WARN_UNREACHABLE_CODE = YES;
				CLANG_WARN__DUPLICATE_METHOD_MATCH = YES;
				"CODE_SIGN_IDENTITY[sdk=iphoneos*]" = "iPhone Developer";
				COPY_PHASE_STRIP = NO;
				DEBUG_INFORMATION_FORMAT = dwarf;
				ENABLE_STRICT_OBJC_MSGSEND = YES;
				ENABLE_TESTABILITY = YES;
				GCC_C_LANGUAGE_STANDARD = gnu99;
				GCC_DYNAMIC_NO_PIC = NO;
				GCC_NO_COMMON_BLOCKS = YES;
				GCC_OPTIMIZATION_LEVEL = 0;
				GCC_PREPROCESSOR_DEFINITIONS = (
					"DEBUG=1",
					"$(inherited)",
				);
				GCC_WARN_64_TO_32_BIT_CONVERSION = YES;
				GCC_WARN_ABOUT_RETURN_TYPE = YES_ERROR;
				GCC_WARN_UNDECLARED_SELECTOR = YES;
				GCC_WARN_UNINITIALIZED_AUTOS = YES_AGGRESSIVE;
				GCC_WARN_UNUSED_FUNCTION = YES;
				GCC_WARN_UNUSED_VARIABLE = YES;
				IPHONEOS_DEPLOYMENT_TARGET = 10.3;
				MTL_ENABLE_DEBUG_INFO = YES;
				ONLY_ACTIVE_ARCH = YES;
				SDKROOT = iphoneos;
				SWIFT_ACTIVE_COMPILATION_CONDITIONS = DEBUG;
				SWIFT_OPTIMIZATION_LEVEL = "-Onone";
				TARGETED_DEVICE_FAMILY = "1,2";
			};
			name = Debug;
		};
		219F0A7B1EDBEAC800991D74 /* Release */ = {
			isa = XCBuildConfiguration;
			buildSettings = {
				ALWAYS_SEARCH_USER_PATHS = NO;
				CLANG_ANALYZER_NONNULL = YES;
				CLANG_ANALYZER_NUMBER_OBJECT_CONVERSION = YES_AGGRESSIVE;
				CLANG_CXX_LANGUAGE_STANDARD = "gnu++0x";
				CLANG_CXX_LIBRARY = "libc++";
				CLANG_ENABLE_MODULES = YES;
				CLANG_ENABLE_OBJC_ARC = YES;
				CLANG_WARN_BOOL_CONVERSION = YES;
				CLANG_WARN_CONSTANT_CONVERSION = YES;
				CLANG_WARN_DIRECT_OBJC_ISA_USAGE = YES_ERROR;
				CLANG_WARN_DOCUMENTATION_COMMENTS = YES;
				CLANG_WARN_EMPTY_BODY = YES;
				CLANG_WARN_ENUM_CONVERSION = YES;
				CLANG_WARN_INFINITE_RECURSION = YES;
				CLANG_WARN_INT_CONVERSION = YES;
				CLANG_WARN_OBJC_ROOT_CLASS = YES_ERROR;
				CLANG_WARN_SUSPICIOUS_MOVE = YES;
				CLANG_WARN_UNREACHABLE_CODE = YES;
				CLANG_WARN__DUPLICATE_METHOD_MATCH = YES;
				"CODE_SIGN_IDENTITY[sdk=iphoneos*]" = "iPhone Developer";
				COPY_PHASE_STRIP = NO;
				DEBUG_INFORMATION_FORMAT = "dwarf-with-dsym";
				ENABLE_NS_ASSERTIONS = NO;
				ENABLE_STRICT_OBJC_MSGSEND = YES;
				GCC_C_LANGUAGE_STANDARD = gnu99;
				GCC_NO_COMMON_BLOCKS = YES;
				GCC_WARN_64_TO_32_BIT_CONVERSION = YES;
				GCC_WARN_ABOUT_RETURN_TYPE = YES_ERROR;
				GCC_WARN_UNDECLARED_SELECTOR = YES;
				GCC_WARN_UNINITIALIZED_AUTOS = YES_AGGRESSIVE;
				GCC_WARN_UNUSED_FUNCTION = YES;
				GCC_WARN_UNUSED_VARIABLE = YES;
				IPHONEOS_DEPLOYMENT_TARGET = 10.3;
				MTL_ENABLE_DEBUG_INFO = NO;
				SDKROOT = iphoneos;
				SWIFT_OPTIMIZATION_LEVEL = "-Owholemodule";
				TARGETED_DEVICE_FAMILY = "1,2";
				VALIDATE_PRODUCT = YES;
			};
			name = Release;
		};
		219F0A7D1EDBEAC800991D74 /* Debug */ = {
			isa = XCBuildConfiguration;
			buildSettings = {
				ASSETCATALOG_COMPILER_APPICON_NAME = AppIcon;
				INFOPLIST_FILE = Tappity/Info.plist;
				LD_RUNPATH_SEARCH_PATHS = "$(inherited) @executable_path/Frameworks";
				PRODUCT_BUNDLE_IDENTIFIER = com.redrouge.Tappity;
				PRODUCT_NAME = "$(TARGET_NAME)";
				SWIFT_VERSION = 3.0;
			};
			name = Debug;
		};
		219F0A7E1EDBEAC800991D74 /* Release */ = {
			isa = XCBuildConfiguration;
			buildSettings = {
				ASSETCATALOG_COMPILER_APPICON_NAME = AppIcon;
				INFOPLIST_FILE = Tappity/Info.plist;
				LD_RUNPATH_SEARCH_PATHS = "$(inherited) @executable_path/Frameworks";
				PRODUCT_BUNDLE_IDENTIFIER = com.redrouge.Tappity;
				PRODUCT_NAME = "$(TARGET_NAME)";
				SWIFT_VERSION = 3.0;
			};
			name = Release;
		};
/* End XCBuildConfiguration section */

/* Begin XCConfigurationList section */
		219F0A651EDBEAC800991D74 /* Build configuration list for PBXProject "Tappity" */ = {
			isa = XCConfigurationList;
			buildConfigurations = (
				219F0A7A1EDBEAC800991D74 /* Debug */,
				219F0A7B1EDBEAC800991D74 /* Release */,
			);
			defaultConfigurationIsVisible = 0;
			defaultConfigurationName = Release;
		};
		219F0A7C1EDBEAC800991D74 /* Build configuration list for PBXNativeTarget "Tappity" */ = {
			isa = XCConfigurationList;
			buildConfigurations = (
				219F0A7D1EDBEAC800991D74 /* Debug */,
				219F0A7E1EDBEAC800991D74 /* Release */,
			);
			defaultConfigurationIsVisible = 0;
		};
/* End XCConfigurationList section */
	};
	rootObject = 219F0A621EDBEAC800991D74 /* Project object */;
}
